
Microsoft Visual Studio Solution File, Format Version 12.00
# Visual Studio 15
VisualStudioVersion = 15.0.26124.0
MinimumVisualStudioVersion = 15.0.26124.0
Project("{FAE04EC0-301F-11D3-BF4B-00C04F79EFBC}") = "Datos", "Datos\Datos.csproj", "{F74E9C20-BCC2-4D35-8194-4CA8A0CAE1BF}"
EndProject
Project("{FAE04EC0-301F-11D3-BF4B-00C04F79EFBC}") = "Logica", "Logica\Logica.csproj", "{9CEFFB29-D332-4AB0-8953-B97FAB5067F3}"
EndProject
Project("{FAE04EC0-301F-11D3-BF4B-00C04F79EFBC}") = "Entity", "Entity\Entity.csproj", "{C7B06920-A7C8-4820-9E2B-9C395A9AB329}"
EndProject
Project("{FAE04EC0-301F-11D3-BF4B-00C04F79EFBC}") = "InventarioWeb", "InventarioWeb\InventarioWeb.csproj", "{37D3F9E6-824C-48B4-89BA-38236C2BFE8B}"
EndProject
Global
	GlobalSection(SolutionConfigurationPlatforms) = preSolution
		Debug|Any CPU = Debug|Any CPU
		Debug|x64 = Debug|x64
		Debug|x86 = Debug|x86
		Release|Any CPU = Release|Any CPU
		Release|x64 = Release|x64
		Release|x86 = Release|x86
	EndGlobalSection
	GlobalSection(SolutionProperties) = preSolution
		HideSolutionNode = FALSE
	EndGlobalSection
	GlobalSection(ProjectConfigurationPlatforms) = postSolution
		{F74E9C20-BCC2-4D35-8194-4CA8A0CAE1BF}.Debug|Any CPU.ActiveCfg = Debug|Any CPU
		{F74E9C20-BCC2-4D35-8194-4CA8A0CAE1BF}.Debug|Any CPU.Build.0 = Debug|Any CPU
		{F74E9C20-BCC2-4D35-8194-4CA8A0CAE1BF}.Debug|x64.ActiveCfg = Debug|Any CPU
		{F74E9C20-BCC2-4D35-8194-4CA8A0CAE1BF}.Debug|x64.Build.0 = Debug|Any CPU
		{F74E9C20-BCC2-4D35-8194-4CA8A0CAE1BF}.Debug|x86.ActiveCfg = Debug|Any CPU
		{F74E9C20-BCC2-4D35-8194-4CA8A0CAE1BF}.Debug|x86.Build.0 = Debug|Any CPU
		{F74E9C20-BCC2-4D35-8194-4CA8A0CAE1BF}.Release|Any CPU.ActiveCfg = Release|Any CPU
		{F74E9C20-BCC2-4D35-8194-4CA8A0CAE1BF}.Release|Any CPU.Build.0 = Release|Any CPU
		{F74E9C20-BCC2-4D35-8194-4CA8A0CAE1BF}.Release|x64.ActiveCfg = Release|Any CPU
		{F74E9C20-BCC2-4D35-8194-4CA8A0CAE1BF}.Release|x64.Build.0 = Release|Any CPU
		{F74E9C20-BCC2-4D35-8194-4CA8A0CAE1BF}.Release|x86.ActiveCfg = Release|Any CPU
		{F74E9C20-BCC2-4D35-8194-4CA8A0CAE1BF}.Release|x86.Build.0 = Release|Any CPU
		{9CEFFB29-D332-4AB0-8953-B97FAB5067F3}.Debug|Any CPU.ActiveCfg = Debug|Any CPU
		{9CEFFB29-D332-4AB0-8953-B97FAB5067F3}.Debug|Any CPU.Build.0 = Debug|Any CPU
		{9CEFFB29-D332-4AB0-8953-B97FAB5067F3}.Debug|x64.ActiveCfg = Debug|Any CPU
		{9CEFFB29-D332-4AB0-8953-B97FAB5067F3}.Debug|x64.Build.0 = Debug|Any CPU
		{9CEFFB29-D332-4AB0-8953-B97FAB5067F3}.Debug|x86.ActiveCfg = Debug|Any CPU
		{9CEFFB29-D332-4AB0-8953-B97FAB5067F3}.Debug|x86.Build.0 = Debug|Any CPU
		{9CEFFB29-D332-4AB0-8953-B97FAB5067F3}.Release|Any CPU.ActiveCfg = Release|Any CPU
		{9CEFFB29-D332-4AB0-8953-B97FAB5067F3}.Release|Any CPU.Build.0 = Release|Any CPU
		{9CEFFB29-D332-4AB0-8953-B97FAB5067F3}.Release|x64.ActiveCfg = Release|Any CPU
		{9CEFFB29-D332-4AB0-8953-B97FAB5067F3}.Release|x64.Build.0 = Release|Any CPU
		{9CEFFB29-D332-4AB0-8953-B97FAB5067F3}.Release|x86.ActiveCfg = Release|Any CPU
		{9CEFFB29-D332-4AB0-8953-B97FAB5067F3}.Release|x86.Build.0 = Release|Any CPU
		{C7B06920-A7C8-4820-9E2B-9C395A9AB329}.Debug|Any CPU.ActiveCfg = Debug|Any CPU
		{C7B06920-A7C8-4820-9E2B-9C395A9AB329}.Debug|Any CPU.Build.0 = Debug|Any CPU
		{C7B06920-A7C8-4820-9E2B-9C395A9AB329}.Debug|x64.ActiveCfg = Debug|Any CPU
		{C7B06920-A7C8-4820-9E2B-9C395A9AB329}.Debug|x64.Build.0 = Debug|Any CPU
		{C7B06920-A7C8-4820-9E2B-9C395A9AB329}.Debug|x86.ActiveCfg = Debug|Any CPU
		{C7B06920-A7C8-4820-9E2B-9C395A9AB329}.Debug|x86.Build.0 = Debug|Any CPU
		{C7B06920-A7C8-4820-9E2B-9C395A9AB329}.Release|Any CPU.ActiveCfg = Release|Any CPU
		{C7B06920-A7C8-4820-9E2B-9C395A9AB329}.Release|Any CPU.Build.0 = Release|Any CPU
		{C7B06920-A7C8-4820-9E2B-9C395A9AB329}.Release|x64.ActiveCfg = Release|Any CPU
		{C7B06920-A7C8-4820-9E2B-9C395A9AB329}.Release|x64.Build.0 = Release|Any CPU
		{C7B06920-A7C8-4820-9E2B-9C395A9AB329}.Release|x86.ActiveCfg = Release|Any CPU
		{C7B06920-A7C8-4820-9E2B-9C395A9AB329}.Release|x86.Build.0 = Release|Any CPU
		{37D3F9E6-824C-48B4-89BA-38236C2BFE8B}.Debug|Any CPU.ActiveCfg = Debug|Any CPU
		{37D3F9E6-824C-48B4-89BA-38236C2BFE8B}.Debug|Any CPU.Build.0 = Debug|Any CPU
		{37D3F9E6-824C-48B4-89BA-38236C2BFE8B}.Debug|x64.ActiveCfg = Debug|Any CPU
		{37D3F9E6-824C-48B4-89BA-38236C2BFE8B}.Debug|x64.Build.0 = Debug|Any CPU
		{37D3F9E6-824C-48B4-89BA-38236C2BFE8B}.Debug|x86.ActiveCfg = Debug|Any CPU
		{37D3F9E6-824C-48B4-89BA-38236C2BFE8B}.Debug|x86.Build.0 = Debug|Any CPU
		{37D3F9E6-824C-48B4-89BA-38236C2BFE8B}.Release|Any CPU.ActiveCfg = Release|Any CPU
		{37D3F9E6-824C-48B4-89BA-38236C2BFE8B}.Release|Any CPU.Build.0 = Release|Any CPU
		{37D3F9E6-824C-48B4-89BA-38236C2BFE8B}.Release|x64.ActiveCfg = Release|Any CPU
		{37D3F9E6-824C-48B4-89BA-38236C2BFE8B}.Release|x64.Build.0 = Release|Any CPU
		{37D3F9E6-824C-48B4-89BA-38236C2BFE8B}.Release|x86.ActiveCfg = Release|Any CPU
		{37D3F9E6-824C-48B4-89BA-38236C2BFE8B}.Release|x86.Build.0 = Release|Any CPU
	EndGlobalSection
EndGlobal
